
Microsoft Visual Studio Solution File, Format Version 12.00
# Visual Studio Version 16
VisualStudioVersion = 16.0.30413.136
MinimumVisualStudioVersion = 10.0.40219.1
Project("{FAE04EC0-301F-11D3-BF4B-00C04F79EFBC}") = "CompGraphLab4", "CompGraphLab4\CompGraphLab4.csproj", "{4957EB41-28B2-484D-A070-70FB3F0198EC}"
EndProject
Global
	GlobalSection(SolutionConfigurationPlatforms) = preSolution
		Debug|Any CPU = Debug|Any CPU
		Release|Any CPU = Release|Any CPU
	EndGlobalSection
	GlobalSection(ProjectConfigurationPlatforms) = postSolution
		{4957EB41-28B2-484D-A070-70FB3F0198EC}.Debug|Any CPU.ActiveCfg = Debug|Any CPU
		{4957EB41-28B2-484D-A070-70FB3F0198EC}.Debug|Any CPU.Build.0 = Debug|Any CPU
		{4957EB41-28B2-484D-A070-70FB3F0198EC}.Release|Any CPU.ActiveCfg = Release|Any CPU
		{4957EB41-28B2-484D-A070-70FB3F0198EC}.Release|Any CPU.Build.0 = Release|Any CPU
	EndGlobalSection
	GlobalSection(SolutionProperties) = preSolution
		HideSolutionNode = FALSE
	EndGlobalSection
	GlobalSection(ExtensibilityGlobals) = postSolution
		SolutionGuid = {1A8C19E6-9ACC-49EA-875A-BD2720975D80}
	EndGlobalSection
EndGlobal
